{
  "nodes": {
    "nixpkgs": {
      "locked": {
        "lastModified": 1745930157,
        "narHash": "sha256-y3h3NLnzRSiUkYpnfvnS669zWZLoqqI6NprtLQ+5dck=",
        "owner": "NixOS",
        "repo": "nixpkgs",
        "rev": "46e634be05ce9dc6d4db8e664515ba10b78151ae",
        "type": "github"
      },
      "original": {
        "owner": "NixOS",
        "ref": "nixos-unstable",
        "repo": "nixpkgs",
        "type": "github"
      }
    },
    "nixpkgs-semver_2_13": {
      "locked": {
        "lastModified": 1616660301,
        "narHash": "sha256-xilZzwijuplxa04krMBsvDwEAsXkvGpDrLSmv3LxSdo=",
        "owner": "nixos",
        "repo": "nixpkgs",
        "rev": "92a955754d197a5161ab4c3ce5193b4c4eb1edcc",
        "type": "github"
      },
      "original": {
        "owner": "nixos",
        "ref": "92a955754d197a5161ab4c3ce5193b4c4eb1edcc",
        "repo": "nixpkgs",
        "type": "github"
      }
    },
    "nixpkgs-verilator_5_012": {
      "locked": {
        "lastModified": 1696748673,
        "narHash": "sha256-UbPHrH4dKN/66EpfFpoG4St4XZYDX9YcMVRQGWzAUNA=",
        "owner": "nixos",
        "repo": "nixpkgs",
        "rev": "9957cd48326fe8dbd52fdc50dd2502307f188b0d",
        "type": "github"
      },
      "original": {
        "owner": "nixos",
        "repo": "nixpkgs",
        "rev": "9957cd48326fe8dbd52fdc50dd2502307f188b0d",
        "type": "github"
      }
    },
    "nixpkgs_2": {
      "locked": {
        "lastModified": 1745930157,
        "narHash": "sha256-y3h3NLnzRSiUkYpnfvnS669zWZLoqqI6NprtLQ+5dck=",
        "owner": "nixos",
        "repo": "nixpkgs",
        "rev": "46e634be05ce9dc6d4db8e664515ba10b78151ae",
        "type": "github"
      },
      "original": {
        "owner": "nixos",
        "ref": "nixos-unstable",
        "repo": "nixpkgs",
        "type": "github"
      }
    },
    "pulpissimo": {
      "inputs": {
        "nixpkgs": "nixpkgs_2",
        "nixpkgs-semver_2_13": "nixpkgs-semver_2_13"
      },
      "locked": {
        "lastModified": 1746205145,
        "narHash": "sha256-Ur8jYK53ej3IJptHbdYksZAOrddEu1W+BJppJDiLtw0=",
        "owner": "yehorb",
        "repo": "pulpissimo-flake",
        "rev": "866ce77d7821804a39a6d948911655dd40972b1d",
        "type": "github"
      },
      "original": {
        "owner": "yehorb",
        "repo": "pulpissimo-flake",
        "type": "github"
      }
    },
    "root": {
      "inputs": {
        "nixpkgs": "nixpkgs",
        "nixpkgs-verilator_5_012": "nixpkgs-verilator_5_012",
        "pulpissimo": "pulpissimo",
        "systems": "systems"
      }
    },
    "systems": {
      "locked": {
        "lastModified": 1681028828,
        "narHash": "sha256-Vy1rq5AaRuLzOxct8nz4T6wlgyUR7zLU309k9mBC768=",
        "owner": "nix-systems",
        "repo": "default",
        "rev": "da67096a3b9bf56a91d16901293e51ba5b49a27e",
        "type": "github"
      },
      "original": {
        "owner": "nix-systems",
        "repo": "default",
        "type": "github"
      }
    }
  },
  "root": "root",
  "version": 7
}
